
Microsoft Visual Studio Solution File, Format Version 12.00
# Visual Studio Version 16
VisualStudioVersion = 16.0.28922.388
MinimumVisualStudioVersion = 10.0.40219.1
Project("{9A19103F-16F7-4668-BE54-9A1E7A4F7556}") = "AreaCalculator", "AreaCalculator\AreaCalculator.csproj", "{60E5F873-8C1A-4801-895F-23379431D501}"
EndProject
Project("{FAE04EC0-301F-11D3-BF4B-00C04F79EFBC}") = "AreaCalculator.UnitTests", "AreaCalculator.UnitTests\AreaCalculator.UnitTests.csproj", "{4A3EB354-4A9B-4A58-8F69-675C21154C12}"
EndProject
Global
	GlobalSection(SolutionConfigurationPlatforms) = preSolution
		Debug|Any CPU = Debug|Any CPU
		Release|Any CPU = Release|Any CPU
	EndGlobalSection
	GlobalSection(ProjectConfigurationPlatforms) = postSolution
		{60E5F873-8C1A-4801-895F-23379431D501}.Debug|Any CPU.ActiveCfg = Debug|Any CPU
		{60E5F873-8C1A-4801-895F-23379431D501}.Debug|Any CPU.Build.0 = Debug|Any CPU
		{60E5F873-8C1A-4801-895F-23379431D501}.Release|Any CPU.ActiveCfg = Release|Any CPU
		{60E5F873-8C1A-4801-895F-23379431D501}.Release|Any CPU.Build.0 = Release|Any CPU
		{4A3EB354-4A9B-4A58-8F69-675C21154C12}.Debug|Any CPU.ActiveCfg = Debug|Any CPU
		{4A3EB354-4A9B-4A58-8F69-675C21154C12}.Debug|Any CPU.Build.0 = Debug|Any CPU
		{4A3EB354-4A9B-4A58-8F69-675C21154C12}.Release|Any CPU.ActiveCfg = Release|Any CPU
		{4A3EB354-4A9B-4A58-8F69-675C21154C12}.Release|Any CPU.Build.0 = Release|Any CPU
	EndGlobalSection
	GlobalSection(SolutionProperties) = preSolution
		HideSolutionNode = FALSE
	EndGlobalSection
	GlobalSection(ExtensibilityGlobals) = postSolution
		SolutionGuid = {40C44811-F953-4454-9FD8-73EF1DEBA20C}
	EndGlobalSection
EndGlobal
